{
  "name": "generate-color",
  "version": "0.0.0",
  "lockfileVersion": 3,
  "requires": true,
  "packages": {
    "": {
      "name": "generate-color",
      "version": "0.0.0",
      "dependencies": {
        "bp-color-library": "^1.1.1",
        "color-name": "^2.1.0",
        "color-namer": "^1.4.0",
        "gh-pages": "^6.3.0",
        "vue": "^3.5.32",
        "vue-router": "^5.0.6"
      },
      "devDependencies": {
        "@vitejs/plugin-vue": "^6.0.6",
        "vite": "^8.0.9"
      }
    }
  }
}